
Microsoft Visual Studio Solution File, Format Version 12.00
# Visual Studio Version 17
VisualStudioVersion = 17.13.35825.156 d17.13
MinimumVisualStudioVersion = 10.0.40219.1
Project("{FAE04EC0-301F-11D3-BF4B-00C04F79EFBC}") = "IKEA.PL", "IKEA.PL\IKEA.PL.csproj", "{13F1710F-FDDC-4268-B5CF-BB14A2EC0869}"
EndProject
Project("{FAE04EC0-301F-11D3-BF4B-00C04F79EFBC}") = "IKEA.BLL", "IKEA.BLL\IKEA.BLL.csproj", "{C3D3CE41-5751-45FB-B599-7D947202EAED}"
EndProject
Project("{FAE04EC0-301F-11D3-BF4B-00C04F79EFBC}") = "IKEA.DAL", "IKEA.DAL\IKEA.DAL.csproj", "{76326F3B-45FB-49A3-8EFD-55AC38A57CF4}"
EndProject
Global
	GlobalSection(SolutionConfigurationPlatforms) = preSolution
		Debug|Any CPU = Debug|Any CPU
		Release|Any CPU = Release|Any CPU
	EndGlobalSection
	GlobalSection(ProjectConfigurationPlatforms) = postSolution
		{13F1710F-FDDC-4268-B5CF-BB14A2EC0869}.Debug|Any CPU.ActiveCfg = Debug|Any CPU
		{13F1710F-FDDC-4268-B5CF-BB14A2EC0869}.Debug|Any CPU.Build.0 = Debug|Any CPU
		{13F1710F-FDDC-4268-B5CF-BB14A2EC0869}.Release|Any CPU.ActiveCfg = Release|Any CPU
		{13F1710F-FDDC-4268-B5CF-BB14A2EC0869}.Release|Any CPU.Build.0 = Release|Any CPU
		{C3D3CE41-5751-45FB-B599-7D947202EAED}.Debug|Any CPU.ActiveCfg = Debug|Any CPU
		{C3D3CE41-5751-45FB-B599-7D947202EAED}.Debug|Any CPU.Build.0 = Debug|Any CPU
		{C3D3CE41-5751-45FB-B599-7D947202EAED}.Release|Any CPU.ActiveCfg = Release|Any CPU
		{C3D3CE41-5751-45FB-B599-7D947202EAED}.Release|Any CPU.Build.0 = Release|Any CPU
		{76326F3B-45FB-49A3-8EFD-55AC38A57CF4}.Debug|Any CPU.ActiveCfg = Debug|Any CPU
		{76326F3B-45FB-49A3-8EFD-55AC38A57CF4}.Debug|Any CPU.Build.0 = Debug|Any CPU
		{76326F3B-45FB-49A3-8EFD-55AC38A57CF4}.Release|Any CPU.ActiveCfg = Release|Any CPU
		{76326F3B-45FB-49A3-8EFD-55AC38A57CF4}.Release|Any CPU.Build.0 = Release|Any CPU
	EndGlobalSection
	GlobalSection(SolutionProperties) = preSolution
		HideSolutionNode = FALSE
	EndGlobalSection
	GlobalSection(ExtensibilityGlobals) = postSolution
		SolutionGuid = {CDA4EEDA-8D0C-4F5F-9D7E-A85915F7844B}
	EndGlobalSection
EndGlobal
